
Microsoft Visual Studio Solution File, Format Version 12.00
# Visual Studio 2013
VisualStudioVersion = 12.0.40629.0
MinimumVisualStudioVersion = 10.0.40219.1
Project("{FAE04EC0-301F-11D3-BF4B-00C04F79EFBC}") = "SStats", "SStats\SStats.csproj", "{1F9BA49A-3CB5-42B0-928C-72913B93E335}"
EndProject
Project("{2150E333-8FDC-42A3-9474-1A3956D46DE8}") = ".nuget", ".nuget", "{21BD6996-3C03-47AB-92F2-F0DED63EA981}"
	ProjectSection(SolutionItems) = preProject
		.nuget\NuGet.Config = .nuget\NuGet.Config
		.nuget\NuGet.exe = .nuget\NuGet.exe
		.nuget\NuGet.targets = .nuget\NuGet.targets
	EndProjectSection
EndProject
Project("{FAE04EC0-301F-11D3-BF4B-00C04F79EFBC}") = "WiMServices", "..\WiMServices\WiMServices\WiMServices.csproj", "{3CDB4EC5-0F03-4528-B644-F8BB922B4B9E}"
EndProject
Project("{FAE04EC0-301F-11D3-BF4B-00C04F79EFBC}") = "SSDB", "SSDB\SSDB.csproj", "{B0242F81-70E8-4BFC-B56B-575DC54957DF}"
EndProject
Global
	GlobalSection(SolutionConfigurationPlatforms) = preSolution
		Debug|Any CPU = Debug|Any CPU
		Release|Any CPU = Release|Any CPU
	EndGlobalSection
	GlobalSection(ProjectConfigurationPlatforms) = postSolution
		{1F9BA49A-3CB5-42B0-928C-72913B93E335}.Debug|Any CPU.ActiveCfg = Debug|Any CPU
		{1F9BA49A-3CB5-42B0-928C-72913B93E335}.Debug|Any CPU.Build.0 = Debug|Any CPU
		{1F9BA49A-3CB5-42B0-928C-72913B93E335}.Release|Any CPU.ActiveCfg = Release|Any CPU
		{1F9BA49A-3CB5-42B0-928C-72913B93E335}.Release|Any CPU.Build.0 = Release|Any CPU
		{3CDB4EC5-0F03-4528-B644-F8BB922B4B9E}.Debug|Any CPU.ActiveCfg = Debug|Any CPU
		{3CDB4EC5-0F03-4528-B644-F8BB922B4B9E}.Debug|Any CPU.Build.0 = Debug|Any CPU
		{3CDB4EC5-0F03-4528-B644-F8BB922B4B9E}.Release|Any CPU.ActiveCfg = Release|Any CPU
		{3CDB4EC5-0F03-4528-B644-F8BB922B4B9E}.Release|Any CPU.Build.0 = Release|Any CPU
		{B0242F81-70E8-4BFC-B56B-575DC54957DF}.Debug|Any CPU.ActiveCfg = Debug|Any CPU
		{B0242F81-70E8-4BFC-B56B-575DC54957DF}.Debug|Any CPU.Build.0 = Debug|Any CPU
		{B0242F81-70E8-4BFC-B56B-575DC54957DF}.Release|Any CPU.ActiveCfg = Release|Any CPU
		{B0242F81-70E8-4BFC-B56B-575DC54957DF}.Release|Any CPU.Build.0 = Release|Any CPU
	EndGlobalSection
	GlobalSection(SolutionProperties) = preSolution
		HideSolutionNode = FALSE
	EndGlobalSection
EndGlobal
